
Microsoft Visual Studio Solution File, Format Version 12.00
# Visual Studio Version 17
VisualStudioVersion = 17.14.36221.1 d17.14
MinimumVisualStudioVersion = 10.0.40219.1
Project("{FAE04EC0-301F-11D3-BF4B-00C04F79EFBC}") = "TIcTac", "TIcTac.csproj", "{C764ECD2-0E70-4BBC-826B-ECE53E39E7BA}"
EndProject
Project("{FAE04EC0-301F-11D3-BF4B-00C04F79EFBC}") = "WebApi", "WebApi\WebApi.csproj", "{01C97267-F58D-48CE-905A-22DDF1CD4B41}"
EndProject
Project("{FAE04EC0-301F-11D3-BF4B-00C04F79EFBC}") = "Domain", "Domain\Domain.csproj", "{9B97A556-CBE0-4B23-9195-46BBDD86CA6F}"
EndProject
Project("{FAE04EC0-301F-11D3-BF4B-00C04F79EFBC}") = "Datasource", "Datasource\Datasource.csproj", "{9C115DC3-78BE-4A3E-85A7-15274FE0FC43}"
EndProject
Project("{FAE04EC0-301F-11D3-BF4B-00C04F79EFBC}") = "Di", "Di\Di.csproj", "{33D98E39-DCB2-41E1-A0B7-C11C12010832}"
EndProject
Global
	GlobalSection(SolutionConfigurationPlatforms) = preSolution
		Debug|Any CPU = Debug|Any CPU
		Release|Any CPU = Release|Any CPU
	EndGlobalSection
	GlobalSection(ProjectConfigurationPlatforms) = postSolution
		{C764ECD2-0E70-4BBC-826B-ECE53E39E7BA}.Debug|Any CPU.ActiveCfg = Debug|Any CPU
		{C764ECD2-0E70-4BBC-826B-ECE53E39E7BA}.Debug|Any CPU.Build.0 = Debug|Any CPU
		{C764ECD2-0E70-4BBC-826B-ECE53E39E7BA}.Release|Any CPU.ActiveCfg = Release|Any CPU
		{C764ECD2-0E70-4BBC-826B-ECE53E39E7BA}.Release|Any CPU.Build.0 = Release|Any CPU
		{01C97267-F58D-48CE-905A-22DDF1CD4B41}.Debug|Any CPU.ActiveCfg = Debug|Any CPU
		{01C97267-F58D-48CE-905A-22DDF1CD4B41}.Debug|Any CPU.Build.0 = Debug|Any CPU
		{01C97267-F58D-48CE-905A-22DDF1CD4B41}.Release|Any CPU.ActiveCfg = Release|Any CPU
		{01C97267-F58D-48CE-905A-22DDF1CD4B41}.Release|Any CPU.Build.0 = Release|Any CPU
		{9B97A556-CBE0-4B23-9195-46BBDD86CA6F}.Debug|Any CPU.ActiveCfg = Debug|Any CPU
		{9B97A556-CBE0-4B23-9195-46BBDD86CA6F}.Debug|Any CPU.Build.0 = Debug|Any CPU
		{9B97A556-CBE0-4B23-9195-46BBDD86CA6F}.Release|Any CPU.ActiveCfg = Release|Any CPU
		{9B97A556-CBE0-4B23-9195-46BBDD86CA6F}.Release|Any CPU.Build.0 = Release|Any CPU
		{9C115DC3-78BE-4A3E-85A7-15274FE0FC43}.Debug|Any CPU.ActiveCfg = Debug|Any CPU
		{9C115DC3-78BE-4A3E-85A7-15274FE0FC43}.Debug|Any CPU.Build.0 = Debug|Any CPU
		{9C115DC3-78BE-4A3E-85A7-15274FE0FC43}.Release|Any CPU.ActiveCfg = Release|Any CPU
		{9C115DC3-78BE-4A3E-85A7-15274FE0FC43}.Release|Any CPU.Build.0 = Release|Any CPU
		{33D98E39-DCB2-41E1-A0B7-C11C12010832}.Debug|Any CPU.ActiveCfg = Debug|Any CPU
		{33D98E39-DCB2-41E1-A0B7-C11C12010832}.Debug|Any CPU.Build.0 = Debug|Any CPU
		{33D98E39-DCB2-41E1-A0B7-C11C12010832}.Release|Any CPU.ActiveCfg = Release|Any CPU
		{33D98E39-DCB2-41E1-A0B7-C11C12010832}.Release|Any CPU.Build.0 = Release|Any CPU
	EndGlobalSection
	GlobalSection(SolutionProperties) = preSolution
		HideSolutionNode = FALSE
	EndGlobalSection
	GlobalSection(ExtensibilityGlobals) = postSolution
		SolutionGuid = {5605B866-436C-453E-977D-3E8B30F11C7C}
	EndGlobalSection
EndGlobal
